
Microsoft Visual Studio Solution File, Format Version 12.00
Project("{FAE04EC0-301F-11D3-BF4B-00C04F79EFBC}") = "Detego.RfidReader.WebApi", "Detego.RfidReader.WebApi\Detego.RfidReader.WebApi.csproj", "{9EACD916-F5D9-4F2C-82EB-AE9DEDD0CEFE}"
EndProject
Project("{FAE04EC0-301F-11D3-BF4B-00C04F79EFBC}") = "Detego.RfidReader.Domain", "Detego.RfidReader.Domain\Detego.RfidReader.Domain.csproj", "{D88DC685-5906-4909-8CDA-08DB53E836B2}"
EndProject
Project("{FAE04EC0-301F-11D3-BF4B-00C04F79EFBC}") = "Detego.RfidReader.Tests", "Detego.RfidReader.Tests\Detego.RfidReader.Tests.csproj", "{38B38B56-E6A6-4263-93FE-C53BD1D6FFFE}"
EndProject
Project("{FAE04EC0-301F-11D3-BF4B-00C04F79EFBC}") = "Detego.RfidReader.Protocol", "Detego.RfidReader.Protocol\Detego.RfidReader.Protocol.csproj", "{1D62442F-661A-452C-B5DE-5BE9FCDB8BD3}"
EndProject
Global
	GlobalSection(SolutionConfigurationPlatforms) = preSolution
		Debug|Any CPU = Debug|Any CPU
		Release|Any CPU = Release|Any CPU
	EndGlobalSection
	GlobalSection(ProjectConfigurationPlatforms) = postSolution
		{9EACD916-F5D9-4F2C-82EB-AE9DEDD0CEFE}.Debug|Any CPU.ActiveCfg = Debug|Any CPU
		{9EACD916-F5D9-4F2C-82EB-AE9DEDD0CEFE}.Debug|Any CPU.Build.0 = Debug|Any CPU
		{9EACD916-F5D9-4F2C-82EB-AE9DEDD0CEFE}.Release|Any CPU.ActiveCfg = Release|Any CPU
		{9EACD916-F5D9-4F2C-82EB-AE9DEDD0CEFE}.Release|Any CPU.Build.0 = Release|Any CPU
		{D88DC685-5906-4909-8CDA-08DB53E836B2}.Debug|Any CPU.ActiveCfg = Debug|Any CPU
		{D88DC685-5906-4909-8CDA-08DB53E836B2}.Debug|Any CPU.Build.0 = Debug|Any CPU
		{D88DC685-5906-4909-8CDA-08DB53E836B2}.Release|Any CPU.ActiveCfg = Release|Any CPU
		{D88DC685-5906-4909-8CDA-08DB53E836B2}.Release|Any CPU.Build.0 = Release|Any CPU
		{38B38B56-E6A6-4263-93FE-C53BD1D6FFFE}.Debug|Any CPU.ActiveCfg = Debug|Any CPU
		{38B38B56-E6A6-4263-93FE-C53BD1D6FFFE}.Debug|Any CPU.Build.0 = Debug|Any CPU
		{38B38B56-E6A6-4263-93FE-C53BD1D6FFFE}.Release|Any CPU.ActiveCfg = Release|Any CPU
		{38B38B56-E6A6-4263-93FE-C53BD1D6FFFE}.Release|Any CPU.Build.0 = Release|Any CPU
		{1D62442F-661A-452C-B5DE-5BE9FCDB8BD3}.Debug|Any CPU.ActiveCfg = Debug|Any CPU
		{1D62442F-661A-452C-B5DE-5BE9FCDB8BD3}.Debug|Any CPU.Build.0 = Debug|Any CPU
		{1D62442F-661A-452C-B5DE-5BE9FCDB8BD3}.Release|Any CPU.ActiveCfg = Release|Any CPU
		{1D62442F-661A-452C-B5DE-5BE9FCDB8BD3}.Release|Any CPU.Build.0 = Release|Any CPU
	EndGlobalSection
EndGlobal
